{
    "name": "WEEK-3-CODE-CHALLENGE",
    "version": "1.0.0",
    "lockfileVersion": 3,
    "requires": true,
    "author": "Peter Mumo Wambua",
    "description": "A simple JSON server for code challenge 3",
    "packages": {
        "": {
            "name": "WEEK-3-CODE-CHALLENGE",
            "version": "1.0.0",
            "license": "ISC"
        }
    }
}
